
Microsoft Visual Studio Solution File, Format Version 12.00
# Visual Studio 15
Project("{FAE04EC0-301F-11D3-BF4B-00C04F79EFBC}") = "Assembly-CSharp", "Assembly-CSharp.csproj", "{81164973-BDE6-DCE6-FD26-BD71F925EA69}"
EndProject
Project("{FAE04EC0-301F-11D3-BF4B-00C04F79EFBC}") = "Assembly-CSharp-Editor", "Assembly-CSharp-Editor.csproj", "{B93A51DF-62EA-A38C-6ED2-6FD5CA8ED3A5}"
EndProject
Global
	GlobalSection(SolutionConfigurationPlatforms) = preSolution
		Debug|Any CPU = Debug|Any CPU
		Release|Any CPU = Release|Any CPU
	EndGlobalSection
	GlobalSection(ProjectConfigurationPlatforms) = postSolution
		{81164973-BDE6-DCE6-FD26-BD71F925EA69}.Debug|Any CPU.ActiveCfg = Debug|Any CPU
		{81164973-BDE6-DCE6-FD26-BD71F925EA69}.Debug|Any CPU.Build.0 = Debug|Any CPU
		{81164973-BDE6-DCE6-FD26-BD71F925EA69}.Release|Any CPU.ActiveCfg = Release|Any CPU
		{81164973-BDE6-DCE6-FD26-BD71F925EA69}.Release|Any CPU.Build.0 = Release|Any CPU
		{B93A51DF-62EA-A38C-6ED2-6FD5CA8ED3A5}.Debug|Any CPU.ActiveCfg = Debug|Any CPU
		{B93A51DF-62EA-A38C-6ED2-6FD5CA8ED3A5}.Debug|Any CPU.Build.0 = Debug|Any CPU
		{B93A51DF-62EA-A38C-6ED2-6FD5CA8ED3A5}.Release|Any CPU.ActiveCfg = Release|Any CPU
		{B93A51DF-62EA-A38C-6ED2-6FD5CA8ED3A5}.Release|Any CPU.Build.0 = Release|Any CPU
	EndGlobalSection
	GlobalSection(SolutionProperties) = preSolution
		HideSolutionNode = FALSE
	EndGlobalSection
EndGlobal
